// !$*UTF8*$!
{
	archiveVersion = 1;
	classes = {
	};
	objectVersion = 48;
	objects = {

/* Begin PBXBuildFile section */
		088583DA20639D3800A7291E /* ShareSDKMethod.m in Sources */ = {isa = PBXBuildFile; fileRef = 088583D820639D3700A7291E /* ShareSDKMethod.m */; };
		088583DD20639D6000A7291E /* JYJPublishView.m in Sources */ = {isa = PBXBuildFile; fileRef = 088583DB20639D5F00A7291E /* JYJPublishView.m */; };
		088583E020639D7500A7291E /* UIView+LLAdd.m in Sources */ = {isa = PBXBuildFile; fileRef = 088583DE20639D7500A7291E /* UIView+LLAdd.m */; };
		088583E620639EF600A7291E /* TencentOpenAPI.framework in Frameworks */ = {isa = PBXBuildFile; fileRef = 088583E520639EF600A7291E /* TencentOpenAPI.framework */; };
		088583E920639F3100A7291E /* SystemConfiguration.framework in Frameworks */ = {isa = PBXBuildFile; fileRef = 088583E820639F3100A7291E /* SystemConfiguration.framework */; };
		088583EC20639F5F00A7291E /* WTQQShareManger.m in Sources */ = {isa = PBXBuildFile; fileRef = 088583EB20639F5F00A7291E /* WTQQShareManger.m */; };
		088583EE20639FBA00A7291E /* libsqlite3.tbd in Frameworks */ = {isa = PBXBuildFile; fileRef = 088583ED20639FBA00A7291E /* libsqlite3.tbd */; };
		088583F020639FC000A7291E /* ImageIO.framework in Frameworks */ = {isa = PBXBuildFile; fileRef = 088583EF20639FC000A7291E /* ImageIO.framework */; };
		088583F220639FC800A7291E /* JavaScriptCore.framework in Frameworks */ = {isa = PBXBuildFile; fileRef = 088583F120639FC800A7291E /* JavaScriptCore.framework */; };
		088583F420639FD200A7291E /* libstdc++.tbd in Frameworks */ = {isa = PBXBuildFile; fileRef = 088583F320639FD200A7291E /* libstdc++.tbd */; };
		088583F620639FD900A7291E /* libz.tbd in Frameworks */ = {isa = PBXBuildFile; fileRef = 088583F520639FD900A7291E /* libz.tbd */; };
		088583F820639FE500A7291E /* libicucore.tbd in Frameworks */ = {isa = PBXBuildFile; fileRef = 088583F720639FE500A7291E /* libicucore.tbd */; };
		088583FA20639FEB00A7291E /* MobileCoreServices.framework in Frameworks */ = {isa = PBXBuildFile; fileRef = 088583F920639FEB00A7291E /* MobileCoreServices.framework */; };
		088583FC2063A05100A7291E /* CoreText.framework in Frameworks */ = {isa = PBXBuildFile; fileRef = 088583FB2063A05100A7291E /* CoreText.framework */; };
		088583FE2063A06100A7291E /* QuartzCore.framework in Frameworks */ = {isa = PBXBuildFile; fileRef = 088583FD2063A06100A7291E /* QuartzCore.framework */; };
		088584002063A07200A7291E /* libc++.tbd in Frameworks */ = {isa = PBXBuildFile; fileRef = 088583FF2063A07200A7291E /* libc++.tbd */; };
		088584022063A08E00A7291E /* CoreTelephony.framework in Frameworks */ = {isa = PBXBuildFile; fileRef = 088584012063A08E00A7291E /* CoreTelephony.framework */; };
		088584042063A0BD00A7291E /* CoreGraphics.framework in Frameworks */ = {isa = PBXBuildFile; fileRef = 088584032063A0BD00A7291E /* CoreGraphics.framework */; };
		088584062063A0CF00A7291E /* libiconv.tbd in Frameworks */ = {isa = PBXBuildFile; fileRef = 088584052063A0CF00A7291E /* libiconv.tbd */; };
		088584082063A0D900A7291E /* Security.framework in Frameworks */ = {isa = PBXBuildFile; fileRef = 088584072063A0D900A7291E /* Security.framework */; };
		0885840F2063A19400A7291E /* libWeChatSDK.a in Frameworks */ = {isa = PBXBuildFile; fileRef = 0885840A2063A19400A7291E /* libWeChatSDK.a */; };
		088584102063A19400A7291E /* README.txt in Resources */ = {isa = PBXBuildFile; fileRef = 0885840B2063A19400A7291E /* README.txt */; };
		088584162063A1A900A7291E /* libWeiboSDK.a in Frameworks */ = {isa = PBXBuildFile; fileRef = 088584122063A1A900A7291E /* libWeiboSDK.a */; };
		088584172063A1A900A7291E /* WeiboSDK.bundle in Resources */ = {isa = PBXBuildFile; fileRef = 088584142063A1A900A7291E /* WeiboSDK.bundle */; };
		0885841A2063A39E00A7291E /* WTWXShareManger.m in Sources */ = {isa = PBXBuildFile; fileRef = 088584192063A39E00A7291E /* WTWXShareManger.m */; };
		0885841D2063A3B100A7291E /* WTWBShareManger.m in Sources */ = {isa = PBXBuildFile; fileRef = 0885841C2063A3B100A7291E /* WTWBShareManger.m */; };
		08EC00672064D2FB003241B2 /* MKAnnotationView+WebCache.m in Sources */ = {isa = PBXBuildFile; fileRef = 08EC00412064D2FB003241B2 /* MKAnnotationView+WebCache.m */; };
		08EC00682064D2FB003241B2 /* NSData+ImageContentType.m in Sources */ = {isa = PBXBuildFile; fileRef = 08EC00432064D2FB003241B2 /* NSData+ImageContentType.m */; };
		08EC00692064D2FB003241B2 /* NSImage+WebCache.m in Sources */ = {isa = PBXBuildFile; fileRef = 08EC00452064D2FB003241B2 /* NSImage+WebCache.m */; };
		08EC006A2064D2FB003241B2 /* SDImageCache.m in Sources */ = {isa = PBXBuildFile; fileRef = 08EC00472064D2FB003241B2 /* SDImageCache.m */; };
		08EC006B2064D2FB003241B2 /* SDImageCacheConfig.m in Sources */ = {isa = PBXBuildFile; fileRef = 08EC00492064D2FB003241B2 /* SDImageCacheConfig.m */; };
		08EC006C2064D2FB003241B2 /* SDWebImageCompat.m in Sources */ = {isa = PBXBuildFile; fileRef = 08EC004B2064D2FB003241B2 /* SDWebImageCompat.m */; };
		08EC006D2064D2FB003241B2 /* SDWebImageDecoder.m in Sources */ = {isa = PBXBuildFile; fileRef = 08EC004D2064D2FB003241B2 /* SDWebImageDecoder.m */; };
		08EC006E2064D2FB003241B2 /* SDWebImageDownloader.m in Sources */ = {isa = PBXBuildFile; fileRef = 08EC004F2064D2FB003241B2 /* SDWebImageDownloader.m */; };
		08EC006F2064D2FB003241B2 /* SDWebImageDownloaderOperation.m in Sources */ = {isa = PBXBuildFile; fileRef = 08EC00512064D2FB003241B2 /* SDWebImageDownloaderOperation.m */; };
		08EC00702064D2FB003241B2 /* SDWebImageManager.m in Sources */ = {isa = PBXBuildFile; fileRef = 08EC00532064D2FB003241B2 /* SDWebImageManager.m */; };
		08EC00712064D2FB003241B2 /* SDWebImagePrefetcher.m in Sources */ = {isa = PBXBuildFile; fileRef = 08EC00562064D2FB003241B2 /* SDWebImagePrefetcher.m */; };
		08EC00722064D2FB003241B2 /* UIButton+WebCache.m in Sources */ = {isa = PBXBuildFile; fileRef = 08EC00582064D2FB003241B2 /* UIButton+WebCache.m */; };
		08EC00732064D2FB003241B2 /* UIImage+GIF.m in Sources */ = {isa = PBXBuildFile; fileRef = 08EC005A2064D2FB003241B2 /* UIImage+GIF.m */; };
		08EC00742064D2FB003241B2 /* UIImage+MultiFormat.m in Sources */ = {isa = PBXBuildFile; fileRef = 08EC005C2064D2FB003241B2 /* UIImage+MultiFormat.m */; };
		08EC00752064D2FB003241B2 /* UIImage+WebP.m in Sources */ = {isa = PBXBuildFile; fileRef = 08EC005E2064D2FB003241B2 /* UIImage+WebP.m */; };
		08EC00762064D2FB003241B2 /* UIImageView+HighlightedWebCache.m in Sources */ = {isa = PBXBuildFile; fileRef = 08EC00602064D2FB003241B2 /* UIImageView+HighlightedWebCache.m */; };
		08EC00772064D2FB003241B2 /* UIImageView+WebCache.m in Sources */ = {isa = PBXBuildFile; fileRef = 08EC00622064D2FB003241B2 /* UIImageView+WebCache.m */; };
		08EC00782064D2FB003241B2 /* UIView+WebCache.m in Sources */ = {isa = PBXBuildFile; fileRef = 08EC00642064D2FB003241B2 /* UIView+WebCache.m */; };
		08EC00792064D2FB003241B2 /* UIView+WebCacheOperation.m in Sources */ = {isa = PBXBuildFile; fileRef = 08EC00662064D2FB003241B2 /* UIView+WebCacheOperation.m */; };
		08EC00952064D306003241B2 /* Info.plist in Resources */ = {isa = PBXBuildFile; fileRef = 08EC007B2064D306003241B2 /* Info.plist */; };
		08EC00962064D306003241B2 /* MASCompositeConstraint.m in Sources */ = {isa = PBXBuildFile; fileRef = 08EC007D2064D306003241B2 /* MASCompositeConstraint.m */; };
		08EC00972064D306003241B2 /* MASConstraint.m in Sources */ = {isa = PBXBuildFile; fileRef = 08EC00802064D306003241B2 /* MASConstraint.m */; };
		08EC00982064D306003241B2 /* MASConstraintMaker.m in Sources */ = {isa = PBXBuildFile; fileRef = 08EC00822064D306003241B2 /* MASConstraintMaker.m */; };
		08EC00992064D306003241B2 /* MASLayoutConstraint.m in Sources */ = {isa = PBXBuildFile; fileRef = 08EC00842064D306003241B2 /* MASLayoutConstraint.m */; };
		08EC009A2064D306003241B2 /* MASViewAttribute.m in Sources */ = {isa = PBXBuildFile; fileRef = 08EC00882064D306003241B2 /* MASViewAttribute.m */; };
		08EC009B2064D306003241B2 /* MASViewConstraint.m in Sources */ = {isa = PBXBuildFile; fileRef = 08EC008A2064D306003241B2 /* MASViewConstraint.m */; };
		08EC009C2064D306003241B2 /* NSArray+MASAdditions.m in Sources */ = {isa = PBXBuildFile; fileRef = 08EC008C2064D306003241B2 /* NSArray+MASAdditions.m */; };
		08EC009D2064D306003241B2 /* NSLayoutConstraint+MASDebugAdditions.m in Sources */ = {isa = PBXBuildFile; fileRef = 08EC008F2064D306003241B2 /* NSLayoutConstraint+MASDebugAdditions.m */; };
		08EC009E2064D306003241B2 /* View+MASAdditions.m in Sources */ = {isa = PBXBuildFile; fileRef = 08EC00912064D306003241B2 /* View+MASAdditions.m */; };
		08EC009F2064D306003241B2 /* ViewController+MASAdditions.m in Sources */ = {isa = PBXBuildFile; fileRef = 08EC00942064D306003241B2 /* ViewController+MASAdditions.m */; };
		08EC00A22064D902003241B2 /* WTShareContentItem.m in Sources */ = {isa = PBXBuildFile; fileRef = 08EC00A12064D902003241B2 /* WTShareContentItem.m */; };
		08FBC0BD200373CC003D093B /* AppDelegate.m in Sources */ = {isa = PBXBuildFile; fileRef = 08FBC0BC200373CC003D093B /* AppDelegate.m */; };
		08FBC0C0200373CC003D093B /* ViewController.m in Sources */ = {isa = PBXBuildFile; fileRef = 08FBC0BF200373CC003D093B /* ViewController.m */; };
		08FBC0C3200373CC003D093B /* Main.storyboard in Resources */ = {isa = PBXBuildFile; fileRef = 08FBC0C1200373CC003D093B /* Main.storyboard */; };
		08FBC0C5200373CC003D093B /* Assets.xcassets in Resources */ = {isa = PBXBuildFile; fileRef = 08FBC0C4200373CC003D093B /* Assets.xcassets */; };
		08FBC0C8200373CC003D093B /* LaunchScreen.storyboard in Resources */ = {isa = PBXBuildFile; fileRef = 08FBC0C6200373CC003D093B /* LaunchScreen.storyboard */; };
		08FBC0CB200373CC003D093B /* main.m in Sources */ = {isa = PBXBuildFile; fileRef = 08FBC0CA200373CC003D093B /* main.m */; };
/* End PBXBuildFile section */

/* Begin PBXFileReference section */
		088583D820639D3700A7291E /* ShareSDKMethod.m */ = {isa = PBXFileReference; fileEncoding = 4; lastKnownFileType = sourcecode.c.objc; path = ShareSDKMethod.m; sourceTree = "<group>"; };
		088583D920639D3800A7291E /* ShareSDKMethod.h */ = {isa = PBXFileReference; fileEncoding = 4; lastKnownFileType = sourcecode.c.h; path = ShareSDKMethod.h; sourceTree = "<group>"; };
		088583DB20639D5F00A7291E /* JYJPublishView.m */ = {isa = PBXFileReference; fileEncoding = 4; lastKnownFileType = sourcecode.c.objc; path = JYJPublishView.m; sourceTree = "<group>"; };
		088583DC20639D6000A7291E /* JYJPublishView.h */ = {isa = PBXFileReference; fileEncoding = 4; lastKnownFileType = sourcecode.c.h; path = JYJPublishView.h; sourceTree = "<group>"; };
		088583DE20639D7500A7291E /* UIView+LLAdd.m */ = {isa = PBXFileReference; fileEncoding = 4; lastKnownFileType = sourcecode.c.objc; path = "UIView+LLAdd.m"; sourceTree = "<group>"; };
		088583DF20639D7500A7291E /* UIView+LLAdd.h */ = {isa = PBXFileReference; fileEncoding = 4; lastKnownFileType = sourcecode.c.h; path = "UIView+LLAdd.h"; sourceTree = "<group>"; };
		088583E520639EF600A7291E /* TencentOpenAPI.framework */ = {isa = PBXFileReference; lastKnownFileType = wrapper.framework; path = TencentOpenAPI.framework; sourceTree = "<group>"; };
		088583E820639F3100A7291E /* SystemConfiguration.framework */ = {isa = PBXFileReference; lastKnownFileType = wrapper.framework; name = SystemConfiguration.framework; path = System/Library/Frameworks/SystemConfiguration.framework; sourceTree = SDKROOT; };
		088583EA20639F5F00A7291E /* WTQQShareManger.h */ = {isa = PBXFileReference; lastKnownFileType = sourcecode.c.h; path = WTQQShareManger.h; sourceTree = "<group>"; };
		088583EB20639F5F00A7291E /* WTQQShareManger.m */ = {isa = PBXFileReference; lastKnownFileType = sourcecode.c.objc; path = WTQQShareManger.m; sourceTree = "<group>"; };
		088583ED20639FBA00A7291E /* libsqlite3.tbd */ = {isa = PBXFileReference; lastKnownFileType = "sourcecode.text-based-dylib-definition"; name = libsqlite3.tbd; path = usr/lib/libsqlite3.tbd; sourceTree = SDKROOT; };
		088583EF20639FC000A7291E /* ImageIO.framework */ = {isa = PBXFileReference; lastKnownFileType = wrapper.framework; name = ImageIO.framework; path = System/Library/Frameworks/ImageIO.framework; sourceTree = SDKROOT; };
		088583F120639FC800A7291E /* JavaScriptCore.framework */ = {isa = PBXFileReference; lastKnownFileType = wrapper.framework; name = JavaScriptCore.framework; path = System/Library/Frameworks/JavaScriptCore.framework; sourceTree = SDKROOT; };
		088583F320639FD200A7291E /* libstdc++.tbd */ = {isa = PBXFileReference; lastKnownFileType = "sourcecode.text-based-dylib-definition"; name = "libstdc++.tbd"; path = "usr/lib/libstdc++.tbd"; sourceTree = SDKROOT; };
		088583F520639FD900A7291E /* libz.tbd */ = {isa = PBXFileReference; lastKnownFileType = "sourcecode.text-based-dylib-definition"; name = libz.tbd; path = usr/lib/libz.tbd; sourceTree = SDKROOT; };
		088583F720639FE500A7291E /* libicucore.tbd */ = {isa = PBXFileReference; lastKnownFileType = "sourcecode.text-based-dylib-definition"; name = libicucore.tbd; path = usr/lib/libicucore.tbd; sourceTree = SDKROOT; };
		088583F920639FEB00A7291E /* MobileCoreServices.framework */ = {isa = PBXFileReference; lastKnownFileType = wrapper.framework; name = MobileCoreServices.framework; path = System/Library/Frameworks/MobileCoreServices.framework; sourceTree = SDKROOT; };
		088583FB2063A05100A7291E /* CoreText.framework */ = {isa = PBXFileReference; lastKnownFileType = wrapper.framework; name = CoreText.framework; path = System/Library/Frameworks/CoreText.framework; sourceTree = SDKROOT; };
		088583FD2063A06100A7291E /* QuartzCore.framework */ = {isa = PBXFileReference; lastKnownFileType = wrapper.framework; name = QuartzCore.framework; path = System/Library/Frameworks/QuartzCore.framework; sourceTree = SDKROOT; };
		088583FF2063A07200A7291E /* libc++.tbd */ = {isa = PBXFileReference; lastKnownFileType = "sourcecode.text-based-dylib-definition"; name = "libc++.tbd"; path = "usr/lib/libc++.tbd"; sourceTree = SDKROOT; };
		088584012063A08E00A7291E /* CoreTelephony.framework */ = {isa = PBXFileReference; lastKnownFileType = wrapper.framework; name = CoreTelephony.framework; path = System/Library/Frameworks/CoreTelephony.framework; sourceTree = SDKROOT; };
		088584032063A0BD00A7291E /* CoreGraphics.framework */ = {isa = PBXFileReference; lastKnownFileType = wrapper.framework; name = CoreGraphics.framework; path = System/Library/Frameworks/CoreGraphics.framework; sourceTree = SDKROOT; };
		088584052063A0CF00A7291E /* libiconv.tbd */ = {isa = PBXFileReference; lastKnownFileType = "sourcecode.text-based-dylib-definition"; name = libiconv.tbd; path = usr/lib/libiconv.tbd; sourceTree = SDKROOT; };
		088584072063A0D900A7291E /* Security.framework */ = {isa = PBXFileReference; lastKnownFileType = wrapper.framework; name = Security.framework; path = System/Library/Frameworks/Security.framework; sourceTree = SDKROOT; };
		0885840A2063A19400A7291E /* libWeChatSDK.a */ = {isa = PBXFileReference; lastKnownFileType = archive.ar; path = libWeChatSDK.a; sourceTree = "<group>"; };
		0885840B2063A19400A7291E /* README.txt */ = {isa = PBXFileReference; fileEncoding = 4; lastKnownFileType = text; path = README.txt; sourceTree = "<group>"; };
		0885840C2063A19400A7291E /* WechatAuthSDK.h */ = {isa = PBXFileReference; fileEncoding = 4; lastKnownFileType = sourcecode.c.h; path = WechatAuthSDK.h; sourceTree = "<group>"; };
		0885840D2063A19400A7291E /* WXApi.h */ = {isa = PBXFileReference; fileEncoding = 4; lastKnownFileType = sourcecode.c.h; path = WXApi.h; sourceTree = "<group>"; };
		0885840E2063A19400A7291E /* WXApiObject.h */ = {isa = PBXFileReference; fileEncoding = 4; lastKnownFileType = sourcecode.c.h; path = WXApiObject.h; sourceTree = "<group>"; };
		088584122063A1A900A7291E /* libWeiboSDK.a */ = {isa = PBXFileReference; lastKnownFileType = archive.ar; path = libWeiboSDK.a; sourceTree = "<group>"; };
		088584132063A1A900A7291E /* WBHttpRequest.h */ = {isa = PBXFileReference; fileEncoding = 4; lastKnownFileType = sourcecode.c.h; path = WBHttpRequest.h; sourceTree = "<group>"; };
		088584142063A1A900A7291E /* WeiboSDK.bundle */ = {isa = PBXFileReference; lastKnownFileType = "wrapper.plug-in"; path = WeiboSDK.bundle; sourceTree = "<group>"; };
		088584152063A1A900A7291E /* WeiboSDK.h */ = {isa = PBXFileReference; fileEncoding = 4; lastKnownFileType = sourcecode.c.h; path = WeiboSDK.h; sourceTree = "<group>"; };
		088584182063A39E00A7291E /* WTWXShareManger.h */ = {isa = PBXFileReference; lastKnownFileType = sourcecode.c.h; path = WTWXShareManger.h; sourceTree = "<group>"; };
		088584192063A39E00A7291E /* WTWXShareManger.m */ = {isa = PBXFileReference; lastKnownFileType = sourcecode.c.objc; path = WTWXShareManger.m; sourceTree = "<group>"; };
		0885841B2063A3B100A7291E /* WTWBShareManger.h */ = {isa = PBXFileReference; lastKnownFileType = sourcecode.c.h; path = WTWBShareManger.h; sourceTree = "<group>"; };
		0885841C2063A3B100A7291E /* WTWBShareManger.m */ = {isa = PBXFileReference; lastKnownFileType = sourcecode.c.objc; path = WTWBShareManger.m; sourceTree = "<group>"; };
		08EC00402064D2FB003241B2 /* MKAnnotationView+WebCache.h */ = {isa = PBXFileReference; fileEncoding = 4; lastKnownFileType = sourcecode.c.h; path = "MKAnnotationView+WebCache.h"; sourceTree = "<group>"; };
		08EC00412064D2FB003241B2 /* MKAnnotationView+WebCache.m */ = {isa = PBXFileReference; fileEncoding = 4; lastKnownFileType = sourcecode.c.objc; path = "MKAnnotationView+WebCache.m"; sourceTree = "<group>"; };
		08EC00422064D2FB003241B2 /* NSData+ImageContentType.h */ = {isa = PBXFileReference; fileEncoding = 4; lastKnownFileType = sourcecode.c.h; path = "NSData+ImageContentType.h"; sourceTree = "<group>"; };
		08EC00432064D2FB003241B2 /* NSData+ImageContentType.m */ = {isa = PBXFileReference; fileEncoding = 4; lastKnownFileType = sourcecode.c.objc; path = "NSData+ImageContentType.m"; sourceTree = "<group>"; };
		08EC00442064D2FB003241B2 /* NSImage+WebCache.h */ = {isa = PBXFileReference; fileEncoding = 4; lastKnownFileType = sourcecode.c.h; path = "NSImage+WebCache.h"; sourceTree = "<group>"; };
		08EC00452064D2FB003241B2 /* NSImage+WebCache.m */ = {isa = PBXFileReference; fileEncoding = 4; lastKnownFileType = sourcecode.c.objc; path = "NSImage+WebCache.m"; sourceTree = "<group>"; };
		08EC00462064D2FB003241B2 /* SDImageCache.h */ = {isa = PBXFileReference; fileEncoding = 4; lastKnownFileType = sourcecode.c.h; path = SDImageCache.h; sourceTree = "<group>"; };
		08EC00472064D2FB003241B2 /* SDImageCache.m */ = {isa = PBXFileReference; fileEncoding = 4; lastKnownFileType = sourcecode.c.objc; path = SDImageCache.m; sourceTree = "<group>"; };
		08EC00482064D2FB003241B2 /* SDImageCacheConfig.h */ = {isa = PBXFileReference; fileEncoding = 4; lastKnownFileType = sourcecode.c.h; path = SDImageCacheConfig.h; sourceTree = "<group>"; };
		08EC00492064D2FB003241B2 /* SDImageCacheConfig.m */ = {isa = PBXFileReference; fileEncoding = 4; lastKnownFileType = sourcecode.c.objc; path = SDImageCacheConfig.m; sourceTree = "<group>"; };
		08EC004A2064D2FB003241B2 /* SDWebImageCompat.h */ = {isa = PBXFileReference; fileEncoding = 4; lastKnownFileType = sourcecode.c.h; path = SDWebImageCompat.h; sourceTree = "<group>"; };
		08EC004B2064D2FB003241B2 /* SDWebImageCompat.m */ = {isa = PBXFileReference; fileEncoding = 4; lastKnownFileType = sourcecode.c.objc; path = SDWebImageCompat.m; sourceTree = "<group>"; };
		08EC004C2064D2FB003241B2 /* SDWebImageDecoder.h */ = {isa = PBXFileReference; fileEncoding = 4; lastKnownFileType = sourcecode.c.h; path = SDWebImageDecoder.h; sourceTree = "<group>"; };
		08EC004D2064D2FB003241B2 /* SDWebImageDecoder.m */ = {isa = PBXFileReference; fileEncoding = 4; lastKnownFileType = sourcecode.c.objc; path = SDWebImageDecoder.m; sourceTree = "<group>"; };
		08EC004E2064D2FB003241B2 /* SDWebImageDownloader.h */ = {isa = PBXFileReference; fileEncoding = 4; lastKnownFileType = sourcecode.c.h; path = SDWebImageDownloader.h; sourceTree = "<group>"; };
		08EC004F2064D2FB003241B2 /* SDWebImageDownloader.m */ = {isa = PBXFileReference; fileEncoding = 4; lastKnownFileType = sourcecode.c.objc; path = SDWebImageDownloader.m; sourceTree = "<group>"; };
		08EC00502064D2FB003241B2 /* SDWebImageDownloaderOperation.h */ = {isa = PBXFileReference; fileEncoding = 4; lastKnownFileType = sourcecode.c.h; path = SDWebImageDownloaderOperation.h; sourceTree = "<group>"; };
		08EC00512064D2FB003241B2 /* SDWebImageDownloaderOperation.m */ = {isa = PBXFileReference; fileEncoding = 4; lastKnownFileType = sourcecode.c.objc; path = SDWebImageDownloaderOperation.m; sourceTree = "<group>"; };
		08EC00522064D2FB003241B2 /* SDWebImageManager.h */ = {isa = PBXFileReference; fileEncoding = 4; lastKnownFileType = sourcecode.c.h; path = SDWebImageManager.h; sourceTree = "<group>"; };
		08EC00532064D2FB003241B2 /* SDWebImageManager.m */ = {isa = PBXFileReference; fileEncoding = 4; lastKnownFileType = sourcecode.c.objc; path = SDWebImageManager.m; sourceTree = "<group>"; };
		08EC00542064D2FB003241B2 /* SDWebImageOperation.h */ = {isa = PBXFileReference; fileEncoding = 4; lastKnownFileType = sourcecode.c.h; path = SDWebImageOperation.h; sourceTree = "<group>"; };
		08EC00552064D2FB003241B2 /* SDWebImagePrefetcher.h */ = {isa = PBXFileReference; fileEncoding = 4; lastKnownFileType = sourcecode.c.h; path = SDWebImagePrefetcher.h; sourceTree = "<group>"; };
		08EC00562064D2FB003241B2 /* SDWebImagePrefetcher.m */ = {isa = PBXFileReference; fileEncoding = 4; lastKnownFileType = sourcecode.c.objc; path = SDWebImagePrefetcher.m; sourceTree = "<group>"; };
		08EC00572064D2FB003241B2 /* UIButton+WebCache.h */ = {isa = PBXFileReference; fileEncoding = 4; lastKnownFileType = sourcecode.c.h; path = "UIButton+WebCache.h"; sourceTree = "<group>"; };
		08EC00582064D2FB003241B2 /* UIButton+WebCache.m */ = {isa = PBXFileReference; fileEncoding = 4; lastKnownFileType = sourcecode.c.objc; path = "UIButton+WebCache.m"; sourceTree = "<group>"; };
		08EC00592064D2FB003241B2 /* UIImage+GIF.h */ = {isa = PBXFileReference; fileEncoding = 4; lastKnownFileType = sourcecode.c.h; path = "UIImage+GIF.h"; sourceTree = "<group>"; };
		08EC005A2064D2FB003241B2 /* UIImage+GIF.m */ = {isa = PBXFileReference; fileEncoding = 4; lastKnownFileType = sourcecode.c.objc; path = "UIImage+GIF.m"; sourceTree = "<group>"; };
		08EC005B2064D2FB003241B2 /* UIImage+MultiFormat.h */ = {isa = PBXFileReference; fileEncoding = 4; lastKnownFileType = sourcecode.c.h; path = "UIImage+MultiFormat.h"; sourceTree = "<group>"; };
		08EC005C2064D2FB003241B2 /* UIImage+MultiFormat.m */ = {isa = PBXFileReference; fileEncoding = 4; lastKnownFileType = sourcecode.c.objc; path = "UIImage+MultiFormat.m"; sourceTree = "<group>"; };
		08EC005D2064D2FB003241B2 /* UIImage+WebP.h */ = {isa = PBXFileReference; fileEncoding = 4; lastKnownFileType = sourcecode.c.h; path = "UIImage+WebP.h"; sourceTree = "<group>"; };
		08EC005E2064D2FB003241B2 /* UIImage+WebP.m */ = {isa = PBXFileReference; fileEncoding = 4; lastKnownFileType = sourcecode.c.objc; path = "UIImage+WebP.m"; sourceTree = "<group>"; };
		08EC005F2064D2FB003241B2 /* UIImageView+HighlightedWebCache.h */ = {isa = PBXFileReference; fileEncoding = 4; lastKnownFileType = sourcecode.c.h; path = "UIImageView+HighlightedWebCache.h"; sourceTree = "<group>"; };
		08EC00602064D2FB003241B2 /* UIImageView+HighlightedWebCache.m */ = {isa = PBXFileReference; fileEncoding = 4; lastKnownFileType = sourcecode.c.objc; path = "UIImageView+HighlightedWebCache.m"; sourceTree = "<group>"; };
		08EC00612064D2FB003241B2 /* UIImageView+WebCache.h */ = {isa = PBXFileReference; fileEncoding = 4; lastKnownFileType = sourcecode.c.h; path = "UIImageView+WebCache.h"; sourceTree = "<group>"; };
		08EC00622064D2FB003241B2 /* UIImageView+WebCache.m */ = {isa = PBXFileReference; fileEncoding = 4; lastKnownFileType = sourcecode.c.objc; path = "UIImageView+WebCache.m"; sourceTree = "<group>"; };
		08EC00632064D2FB003241B2 /* UIView+WebCache.h */ = {isa = PBXFileReference; fileEncoding = 4; lastKnownFileType = sourcecode.c.h; path = "UIView+WebCache.h"; sourceTree = "<group>"; };
		08EC00642064D2FB003241B2 /* UIView+WebCache.m */ = {isa = PBXFileReference; fileEncoding = 4; lastKnownFileType = sourcecode.c.objc; path = "UIView+WebCache.m"; sourceTree = "<group>"; };
		08EC00652064D2FB003241B2 /* UIView+WebCacheOperation.h */ = {isa = PBXFileReference; fileEncoding = 4; lastKnownFileType = sourcecode.c.h; path = "UIView+WebCacheOperation.h"; sourceTree = "<group>"; };
		08EC00662064D2FB003241B2 /* UIView+WebCacheOperation.m */ = {isa = PBXFileReference; fileEncoding = 4; lastKnownFileType = sourcecode.c.objc; path = "UIView+WebCacheOperation.m"; sourceTree = "<group>"; };
		08EC007B2064D306003241B2 /* Info.plist */ = {isa = PBXFileReference; fileEncoding = 4; lastKnownFileType = text.plist.xml; path = Info.plist; sourceTree = "<group>"; };
		08EC007C2064D306003241B2 /* MASCompositeConstraint.h */ = {isa = PBXFileReference; fileEncoding = 4; lastKnownFileType = sourcecode.c.h; path = MASCompositeConstraint.h; sourceTree = "<group>"; };
		08EC007D2064D306003241B2 /* MASCompositeConstraint.m */ = {isa = PBXFileReference; fileEncoding = 4; lastKnownFileType = sourcecode.c.objc; path = MASCompositeConstraint.m; sourceTree = "<group>"; };
		08EC007E2064D306003241B2 /* MASConstraint+Private.h */ = {isa = PBXFileReference; fileEncoding = 4; lastKnownFileType = sourcecode.c.h; path = "MASConstraint+Private.h"; sourceTree = "<group>"; };
		08EC007F2064D306003241B2 /* MASConstraint.h */ = {isa = PBXFileReference; fileEncoding = 4; lastKnownFileType = sourcecode.c.h; path = MASConstraint.h; sourceTree = "<group>"; };
		08EC00802064D306003241B2 /* MASConstraint.m */ = {isa = PBXFileReference; fileEncoding = 4; lastKnownFileType = sourcecode.c.objc; path = MASConstraint.m; sourceTree = "<group>"; };
		08EC00812064D306003241B2 /* MASConstraintMaker.h */ = {isa = PBXFileReference; fileEncoding = 4; lastKnownFileType = sourcecode.c.h; path = MASConstraintMaker.h; sourceTree = "<group>"; };
		08EC00822064D306003241B2 /* MASConstraintMaker.m */ = {isa = PBXFileReference; fileEncoding = 4; lastKnownFileType = sourcecode.c.objc; path = MASConstraintMaker.m; sourceTree = "<group>"; };
		08EC00832064D306003241B2 /* MASLayoutConstraint.h */ = {isa = PBXFileReference; fileEncoding = 4; lastKnownFileType = sourcecode.c.h; path = MASLayoutConstraint.h; sourceTree = "<group>"; };
		08EC00842064D306003241B2 /* MASLayoutConstraint.m */ = {isa = PBXFileReference; fileEncoding = 4; lastKnownFileType = sourcecode.c.objc; path = MASLayoutConstraint.m; sourceTree = "<group>"; };
		08EC00852064D306003241B2 /* Masonry.h */ = {isa = PBXFileReference; fileEncoding = 4; lastKnownFileType = sourcecode.c.h; path = Masonry.h; sourceTree = "<group>"; };
		08EC00862064D306003241B2 /* MASUtilities.h */ = {isa = PBXFileReference; fileEncoding = 4; lastKnownFileType = sourcecode.c.h; path = MASUtilities.h; sourceTree = "<group>"; };
		08EC00872064D306003241B2 /* MASViewAttribute.h */ = {isa = PBXFileReference; fileEncoding = 4; lastKnownFileType = sourcecode.c.h; path = MASViewAttribute.h; sourceTree = "<group>"; };
		08EC00882064D306003241B2 /* MASViewAttribute.m */ = {isa = PBXFileReference; fileEncoding = 4; lastKnownFileType = sourcecode.c.objc; path = MASViewAttribute.m; sourceTree = "<group>"; };
		08EC00892064D306003241B2 /* MASViewConstraint.h */ = {isa = PBXFileReference; fileEncoding = 4; lastKnownFileType = sourcecode.c.h; path = MASViewConstraint.h; sourceTree = "<group>"; };
		08EC008A2064D306003241B2 /* MASViewConstraint.m */ = {isa = PBXFileReference; fileEncoding = 4; lastKnownFileType = sourcecode.c.objc; path = MASViewConstraint.m; sourceTree = "<group>"; };
		08EC008B2064D306003241B2 /* NSArray+MASAdditions.h */ = {isa = PBXFileReference; fileEncoding = 4; lastKnownFileType = sourcecode.c.h; path = "NSArray+MASAdditions.h"; sourceTree = "<group>"; };
		08EC008C2064D306003241B2 /* NSArray+MASAdditions.m */ = {isa = PBXFileReference; fileEncoding = 4; lastKnownFileType = sourcecode.c.objc; path = "NSArray+MASAdditions.m"; sourceTree = "<group>"; };
		08EC008D2064D306003241B2 /* NSArray+MASShorthandAdditions.h */ = {isa = PBXFileReference; fileEncoding = 4; lastKnownFileType = sourcecode.c.h; path = "NSArray+MASShorthandAdditions.h"; sourceTree = "<group>"; };
		08EC008E2064D306003241B2 /* NSLayoutConstraint+MASDebugAdditions.h */ = {isa = PBXFileReference; fileEncoding = 4; lastKnownFileType = sourcecode.c.h; path = "NSLayoutConstraint+MASDebugAdditions.h"; sourceTree = "<group>"; };
		08EC008F2064D306003241B2 /* NSLayoutConstraint+MASDebugAdditions.m */ = {isa = PBXFileReference; fileEncoding = 4; lastKnownFileType = sourcecode.c.objc; path = "NSLayoutConstraint+MASDebugAdditions.m"; sourceTree = "<group>"; };
		08EC00902064D306003241B2 /* View+MASAdditions.h */ = {isa = PBXFileReference; fileEncoding = 4; lastKnownFileType = sourcecode.c.h; path = "View+MASAdditions.h"; sourceTree = "<group>"; };
		08EC00912064D306003241B2 /* View+MASAdditions.m */ = {isa = PBXFileReference; fileEncoding = 4; lastKnownFileType = sourcecode.c.objc; path = "View+MASAdditions.m"; sourceTree = "<group>"; };
		08EC00922064D306003241B2 /* View+MASShorthandAdditions.h */ = {isa = PBXFileReference; fileEncoding = 4; lastKnownFileType = sourcecode.c.h; path = "View+MASShorthandAdditions.h"; sourceTree = "<group>"; };
		08EC00932064D306003241B2 /* ViewController+MASAdditions.h */ = {isa = PBXFileReference; fileEncoding = 4; lastKnownFileType = sourcecode.c.h; path = "ViewController+MASAdditions.h"; sourceTree = "<group>"; };
		08EC00942064D306003241B2 /* ViewController+MASAdditions.m */ = {isa = PBXFileReference; fileEncoding = 4; lastKnownFileType = sourcecode.c.objc; path = "ViewController+MASAdditions.m"; sourceTree = "<group>"; };
		08EC00A02064D902003241B2 /* WTShareContentItem.h */ = {isa = PBXFileReference; fileEncoding = 4; lastKnownFileType = sourcecode.c.h; path = WTShareContentItem.h; sourceTree = "<group>"; };
		08EC00A12064D902003241B2 /* WTShareContentItem.m */ = {isa = PBXFileReference; fileEncoding = 4; lastKnownFileType = sourcecode.c.objc; path = WTShareContentItem.m; sourceTree = "<group>"; };
		08FBC0B8200373CC003D093B /* 朋友圈分享的动画.app */ = {isa = PBXFileReference; explicitFileType = wrapper.application; includeInIndex = 0; path = "朋友圈分享的动画.app"; sourceTree = BUILT_PRODUCTS_DIR; };
		08FBC0BB200373CC003D093B /* AppDelegate.h */ = {isa = PBXFileReference; lastKnownFileType = sourcecode.c.h; path = AppDelegate.h; sourceTree = "<group>"; };
		08FBC0BC200373CC003D093B /* AppDelegate.m */ = {isa = PBXFileReference; lastKnownFileType = sourcecode.c.objc; path = AppDelegate.m; sourceTree = "<group>"; };
		08FBC0BE200373CC003D093B /* ViewController.h */ = {isa = PBXFileReference; lastKnownFileType = sourcecode.c.h; path = ViewController.h; sourceTree = "<group>"; };
		08FBC0BF200373CC003D093B /* ViewController.m */ = {isa = PBXFileReference; lastKnownFileType = sourcecode.c.objc; path = ViewController.m; sourceTree = "<group>"; };
		08FBC0C2200373CC003D093B /* Base */ = {isa = PBXFileReference; lastKnownFileType = file.storyboard; name = Base; path = Base.lproj/Main.storyboard; sourceTree = "<group>"; };
		08FBC0C4200373CC003D093B /* Assets.xcassets */ = {isa = PBXFileReference; lastKnownFileType = folder.assetcatalog; path = Assets.xcassets; sourceTree = "<group>"; };
		08FBC0C7200373CC003D093B /* Base */ = {isa = PBXFileReference; lastKnownFileType = file.storyboard; name = Base; path = Base.lproj/LaunchScreen.storyboard; sourceTree = "<group>"; };
		08FBC0C9200373CC003D093B /* Info.plist */ = {isa = PBXFileReference; lastKnownFileType = text.plist.xml; path = Info.plist; sourceTree = "<group>"; };
		08FBC0CA200373CC003D093B /* main.m */ = {isa = PBXFileReference; lastKnownFileType = sourcecode.c.objc; path = main.m; sourceTree = "<group>"; };
/* End PBXFileReference section */

/* Begin PBXFrameworksBuildPhase section */
		08FBC0B5200373CC003D093B /* Frameworks */ = {
			isa = PBXFrameworksBuildPhase;
			buildActionMask = 2147483647;
			files = (
				088584082063A0D900A7291E /* Security.framework in Frameworks */,
				0885840F2063A19400A7291E /* libWeChatSDK.a in Frameworks */,
				088584062063A0CF00A7291E /* libiconv.tbd in Frameworks */,
				088583E920639F3100A7291E /* SystemConfiguration.framework in Frameworks */,
				088584042063A0BD00A7291E /* CoreGraphics.framework in Frameworks */,
				088583EE20639FBA00A7291E /* libsqlite3.tbd in Frameworks */,
				088584022063A08E00A7291E /* CoreTelephony.framework in Frameworks */,
				088583F420639FD200A7291E /* libstdc++.tbd in Frameworks */,
				088583F620639FD900A7291E /* libz.tbd in Frameworks */,
				088584002063A07200A7291E /* libc++.tbd in Frameworks */,
				088583FE2063A06100A7291E /* QuartzCore.framework in Frameworks */,
				088583F020639FC000A7291E /* ImageIO.framework in Frameworks */,
				088583FC2063A05100A7291E /* CoreText.framework in Frameworks */,
				088584162063A1A900A7291E /* libWeiboSDK.a in Frameworks */,
				088583FA20639FEB00A7291E /* MobileCoreServices.framework in Frameworks */,
				088583F820639FE500A7291E /* libicucore.tbd in Frameworks */,
				088583F220639FC800A7291E /* JavaScriptCore.framework in Frameworks */,
				088583E620639EF600A7291E /* TencentOpenAPI.framework in Frameworks */,
			);
			runOnlyForDeploymentPostprocessing = 0;
		};
/* End PBXFrameworksBuildPhase section */

/* Begin PBXGroup section */
		088583D720639D2A00A7291E /* ShareView */ = {
			isa = PBXGroup;
			children = (
				08EC00A02064D902003241B2 /* WTShareContentItem.h */,
				08EC00A12064D902003241B2 /* WTShareContentItem.m */,
				088583DC20639D6000A7291E /* JYJPublishView.h */,
				088583DB20639D5F00A7291E /* JYJPublishView.m */,
				088583D920639D3800A7291E /* ShareSDKMethod.h */,
				088583D820639D3700A7291E /* ShareSDKMethod.m */,
				088583DF20639D7500A7291E /* UIView+LLAdd.h */,
				088583DE20639D7500A7291E /* UIView+LLAdd.m */,
				088583EA20639F5F00A7291E /* WTQQShareManger.h */,
				088583EB20639F5F00A7291E /* WTQQShareManger.m */,
				088584182063A39E00A7291E /* WTWXShareManger.h */,
				088584192063A39E00A7291E /* WTWXShareManger.m */,
				0885841B2063A3B100A7291E /* WTWBShareManger.h */,
				0885841C2063A3B100A7291E /* WTWBShareManger.m */,
			);
			path = ShareView;
			sourceTree = "<group>";
		};
		088583E320639EE000A7291E /* ThridPart */ = {
			isa = PBXGroup;
			children = (
				08EC007A2064D306003241B2 /* Masonry */,
				08EC003F2064D2FB003241B2 /* SDWebImage */,
				088584112063A1A900A7291E /* libWeiboSDK */,
				088584092063A19400A7291E /* OpenSDK1.8.1 */,
				088583E420639EED00A7291E /* TencentOpenAPI */,
			);
			path = ThridPart;
			sourceTree = "<group>";
		};
		088583E420639EED00A7291E /* TencentOpenAPI */ = {
			isa = PBXGroup;
			children = (
				088583E520639EF600A7291E /* TencentOpenAPI.framework */,
			);
			path = TencentOpenAPI;
			sourceTree = "<group>";
		};
		088583E720639F3100A7291E /* Frameworks */ = {
			isa = PBXGroup;
			children = (
				088584072063A0D900A7291E /* Security.framework */,
				088584052063A0CF00A7291E /* libiconv.tbd */,
				088584032063A0BD00A7291E /* CoreGraphics.framework */,
				088584012063A08E00A7291E /* CoreTelephony.framework */,
				088583FF2063A07200A7291E /* libc++.tbd */,
				088583FD2063A06100A7291E /* QuartzCore.framework */,
				088583FB2063A05100A7291E /* CoreText.framework */,
				088583F920639FEB00A7291E /* MobileCoreServices.framework */,
				088583F720639FE500A7291E /* libicucore.tbd */,
				088583F520639FD900A7291E /* libz.tbd */,
				088583F320639FD200A7291E /* libstdc++.tbd */,
				088583F120639FC800A7291E /* JavaScriptCore.framework */,
				088583EF20639FC000A7291E /* ImageIO.framework */,
				088583ED20639FBA00A7291E /* libsqlite3.tbd */,
				088583E820639F3100A7291E /* SystemConfiguration.framework */,
			);
			name = Frameworks;
			sourceTree = "<group>";
		};
		088584092063A19400A7291E /* OpenSDK1.8.1 */ = {
			isa = PBXGroup;
			children = (
				0885840A2063A19400A7291E /* libWeChatSDK.a */,
				0885840B2063A19400A7291E /* README.txt */,
				0885840C2063A19400A7291E /* WechatAuthSDK.h */,
				0885840D2063A19400A7291E /* WXApi.h */,
				0885840E2063A19400A7291E /* WXApiObject.h */,
			);
			path = OpenSDK1.8.1;
			sourceTree = "<group>";
		};
		088584112063A1A900A7291E /* libWeiboSDK */ = {
			isa = PBXGroup;
			children = (
				088584122063A1A900A7291E /* libWeiboSDK.a */,
				088584132063A1A900A7291E /* WBHttpRequest.h */,
				088584142063A1A900A7291E /* WeiboSDK.bundle */,
				088584152063A1A900A7291E /* WeiboSDK.h */,
			);
			path = libWeiboSDK;
			sourceTree = "<group>";
		};
		08EC003F2064D2FB003241B2 /* SDWebImage */ = {
			isa = PBXGroup;
			children = (
				08EC00402064D2FB003241B2 /* MKAnnotationView+WebCache.h */,
				08EC00412064D2FB003241B2 /* MKAnnotationView+WebCache.m */,
				08EC00422064D2FB003241B2 /* NSData+ImageContentType.h */,
				08EC00432064D2FB003241B2 /* NSData+ImageContentType.m */,
				08EC00442064D2FB003241B2 /* NSImage+WebCache.h */,
				08EC00452064D2FB003241B2 /* NSImage+WebCache.m */,
				08EC00462064D2FB003241B2 /* SDImageCache.h */,
				08EC00472064D2FB003241B2 /* SDImageCache.m */,
				08EC00482064D2FB003241B2 /* SDImageCacheConfig.h */,
				08EC00492064D2FB003241B2 /* SDImageCacheConfig.m */,
				08EC004A2064D2FB003241B2 /* SDWebImageCompat.h */,
				08EC004B2064D2FB003241B2 /* SDWebImageCompat.m */,
				08EC004C2064D2FB003241B2 /* SDWebImageDecoder.h */,
				08EC004D2064D2FB003241B2 /* SDWebImageDecoder.m */,
				08EC004E2064D2FB003241B2 /* SDWebImageDownloader.h */,
				08EC004F2064D2FB003241B2 /* SDWebImageDownloader.m */,
				08EC00502064D2FB003241B2 /* SDWebImageDownloaderOperation.h */,
				08EC00512064D2FB003241B2 /* SDWebImageDownloaderOperation.m */,
				08EC00522064D2FB003241B2 /* SDWebImageManager.h */,
				08EC00532064D2FB003241B2 /* SDWebImageManager.m */,
				08EC00542064D2FB003241B2 /* SDWebImageOperation.h */,
				08EC00552064D2FB003241B2 /* SDWebImagePrefetcher.h */,
				08EC00562064D2FB003241B2 /* SDWebImagePrefetcher.m */,
				08EC00572064D2FB003241B2 /* UIButton+WebCache.h */,
				08EC00582064D2FB003241B2 /* UIButton+WebCache.m */,
				08EC00592064D2FB003241B2 /* UIImage+GIF.h */,
				08EC005A2064D2FB003241B2 /* UIImage+GIF.m */,
				08EC005B2064D2FB003241B2 /* UIImage+MultiFormat.h */,
				08EC005C2064D2FB003241B2 /* UIImage+MultiFormat.m */,
				08EC005D2064D2FB003241B2 /* UIImage+WebP.h */,
				08EC005E2064D2FB003241B2 /* UIImage+WebP.m */,
				08EC005F2064D2FB003241B2 /* UIImageView+HighlightedWebCache.h */,
				08EC00602064D2FB003241B2 /* UIImageView+HighlightedWebCache.m */,
				08EC00612064D2FB003241B2 /* UIImageView+WebCache.h */,
				08EC00622064D2FB003241B2 /* UIImageView+WebCache.m */,
				08EC00632064D2FB003241B2 /* UIView+WebCache.h */,
				08EC00642064D2FB003241B2 /* UIView+WebCache.m */,
				08EC00652064D2FB003241B2 /* UIView+WebCacheOperation.h */,
				08EC00662064D2FB003241B2 /* UIView+WebCacheOperation.m */,
			);
			path = SDWebImage;
			sourceTree = "<group>";
		};
		08EC007A2064D306003241B2 /* Masonry */ = {
			isa = PBXGroup;
			children = (
				08EC007B2064D306003241B2 /* Info.plist */,
				08EC007C2064D306003241B2 /* MASCompositeConstraint.h */,
				08EC007D2064D306003241B2 /* MASCompositeConstraint.m */,
				08EC007E2064D306003241B2 /* MASConstraint+Private.h */,
				08EC007F2064D306003241B2 /* MASConstraint.h */,
				08EC00802064D306003241B2 /* MASConstraint.m */,
				08EC00812064D306003241B2 /* MASConstraintMaker.h */,
				08EC00822064D306003241B2 /* MASConstraintMaker.m */,
				08EC00832064D306003241B2 /* MASLayoutConstraint.h */,
				08EC00842064D306003241B2 /* MASLayoutConstraint.m */,
				08EC00852064D306003241B2 /* Masonry.h */,
				08EC00862064D306003241B2 /* MASUtilities.h */,
				08EC00872064D306003241B2 /* MASViewAttribute.h */,
				08EC00882064D306003241B2 /* MASViewAttribute.m */,
				08EC00892064D306003241B2 /* MASViewConstraint.h */,
				08EC008A2064D306003241B2 /* MASViewConstraint.m */,
				08EC008B2064D306003241B2 /* NSArray+MASAdditions.h */,
				08EC008C2064D306003241B2 /* NSArray+MASAdditions.m */,
				08EC008D2064D306003241B2 /* NSArray+MASShorthandAdditions.h */,
				08EC008E2064D306003241B2 /* NSLayoutConstraint+MASDebugAdditions.h */,
				08EC008F2064D306003241B2 /* NSLayoutConstraint+MASDebugAdditions.m */,
				08EC00902064D306003241B2 /* View+MASAdditions.h */,
				08EC00912064D306003241B2 /* View+MASAdditions.m */,
				08EC00922064D306003241B2 /* View+MASShorthandAdditions.h */,
				08EC00932064D306003241B2 /* ViewController+MASAdditions.h */,
				08EC00942064D306003241B2 /* ViewController+MASAdditions.m */,
			);
			path = Masonry;
			sourceTree = "<group>";
		};
		08FBC0AF200373CC003D093B = {
			isa = PBXGroup;
			children = (
				08FBC0BA200373CC003D093B /* 朋友圈分享的动画 */,
				08FBC0B9200373CC003D093B /* Products */,
				088583E720639F3100A7291E /* Frameworks */,
			);
			sourceTree = "<group>";
		};
		08FBC0B9200373CC003D093B /* Products */ = {
			isa = PBXGroup;
			children = (
				08FBC0B8200373CC003D093B /* 朋友圈分享的动画.app */,
			);
			name = Products;
			sourceTree = "<group>";
		};
		08FBC0BA200373CC003D093B /* 朋友圈分享的动画 */ = {
			isa = PBXGroup;
			children = (
				088583E320639EE000A7291E /* ThridPart */,
				088583D720639D2A00A7291E /* ShareView */,
				08FBC0BB200373CC003D093B /* AppDelegate.h */,
				08FBC0BC200373CC003D093B /* AppDelegate.m */,
				08FBC0BE200373CC003D093B /* ViewController.h */,
				08FBC0BF200373CC003D093B /* ViewController.m */,
				08FBC0C1200373CC003D093B /* Main.storyboard */,
				08FBC0C4200373CC003D093B /* Assets.xcassets */,
				08FBC0C6200373CC003D093B /* LaunchScreen.storyboard */,
				08FBC0C9200373CC003D093B /* Info.plist */,
				08FBC0CA200373CC003D093B /* main.m */,
			);
			path = "朋友圈分享的动画";
			sourceTree = "<group>";
		};
/* End PBXGroup section */

/* Begin PBXNativeTarget section */
		08FBC0B7200373CC003D093B /* 朋友圈分享的动画 */ = {
			isa = PBXNativeTarget;
			buildConfigurationList = 08FBC0CE200373CC003D093B /* Build configuration list for PBXNativeTarget "朋友圈分享的动画" */;
			buildPhases = (
				08FBC0B4200373CC003D093B /* Sources */,
				08FBC0B5200373CC003D093B /* Frameworks */,
				08FBC0B6200373CC003D093B /* Resources */,
			);
			buildRules = (
			);
			dependencies = (
			);
			name = "朋友圈分享的动画";
			productName = "朋友圈分享的动画";
			productReference = 08FBC0B8200373CC003D093B /* 朋友圈分享的动画.app */;
			productType = "com.apple.product-type.application";
		};
/* End PBXNativeTarget section */

/* Begin PBXProject section */
		08FBC0B0200373CC003D093B /* Project object */ = {
			isa = PBXProject;
			attributes = {
				LastUpgradeCheck = 0920;
				ORGANIZATIONNAME = dfsj;
				TargetAttributes = {
					08FBC0B7200373CC003D093B = {
						CreatedOnToolsVersion = 9.2;
						ProvisioningStyle = Automatic;
					};
				};
			};
			buildConfigurationList = 08FBC0B3200373CC003D093B /* Build configuration list for PBXProject "朋友圈分享的动画" */;
			compatibilityVersion = "Xcode 8.0";
			developmentRegion = en;
			hasScannedForEncodings = 0;
			knownRegions = (
				en,
				Base,
			);
			mainGroup = 08FBC0AF200373CC003D093B;
			productRefGroup = 08FBC0B9200373CC003D093B /* Products */;
			projectDirPath = "";
			projectRoot = "";
			targets = (
				08FBC0B7200373CC003D093B /* 朋友圈分享的动画 */,
			);
		};
/* End PBXProject section */

/* Begin PBXResourcesBuildPhase section */
		08FBC0B6200373CC003D093B /* Resources */ = {
			isa = PBXResourcesBuildPhase;
			buildActionMask = 2147483647;
			files = (
				08FBC0C8200373CC003D093B /* LaunchScreen.storyboard in Resources */,
				08FBC0C5200373CC003D093B /* Assets.xcassets in Resources */,
				08EC00952064D306003241B2 /* Info.plist in Resources */,
				088584172063A1A900A7291E /* WeiboSDK.bundle in Resources */,
				088584102063A19400A7291E /* README.txt in Resources */,
				08FBC0C3200373CC003D093B /* Main.storyboard in Resources */,
			);
			runOnlyForDeploymentPostprocessing = 0;
		};
/* End PBXResourcesBuildPhase section */

/* Begin PBXSourcesBuildPhase section */
		08FBC0B4200373CC003D093B /* Sources */ = {
			isa = PBXSourcesBuildPhase;
			buildActionMask = 2147483647;
			files = (
				08EC00732064D2FB003241B2 /* UIImage+GIF.m in Sources */,
				08FBC0C0200373CC003D093B /* ViewController.m in Sources */,
				08EC00712064D2FB003241B2 /* SDWebImagePrefetcher.m in Sources */,
				0885841D2063A3B100A7291E /* WTWBShareManger.m in Sources */,
				08EC00692064D2FB003241B2 /* NSImage+WebCache.m in Sources */,
				08EC009E2064D306003241B2 /* View+MASAdditions.m in Sources */,
				08EC00782064D2FB003241B2 /* UIView+WebCache.m in Sources */,
				08EC006B2064D2FB003241B2 /* SDImageCacheConfig.m in Sources */,
				08EC009C2064D306003241B2 /* NSArray+MASAdditions.m in Sources */,
				088583EC20639F5F00A7291E /* WTQQShareManger.m in Sources */,
				08EC00A22064D902003241B2 /* WTShareContentItem.m in Sources */,
				08EC009F2064D306003241B2 /* ViewController+MASAdditions.m in Sources */,
				08EC00672064D2FB003241B2 /* MKAnnotationView+WebCache.m in Sources */,
				08EC00962064D306003241B2 /* MASCompositeConstraint.m in Sources */,
				08EC009D2064D306003241B2 /* NSLayoutConstraint+MASDebugAdditions.m in Sources */,
				08EC00722064D2FB003241B2 /* UIButton+WebCache.m in Sources */,
				08EC006F2064D2FB003241B2 /* SDWebImageDownloaderOperation.m in Sources */,
				08FBC0CB200373CC003D093B /* main.m in Sources */,
				08EC006C2064D2FB003241B2 /* SDWebImageCompat.m in Sources */,
				08EC00972064D306003241B2 /* MASConstraint.m in Sources */,
				0885841A2063A39E00A7291E /* WTWXShareManger.m in Sources */,
				08EC00742064D2FB003241B2 /* UIImage+MultiFormat.m in Sources */,
				08EC00772064D2FB003241B2 /* UIImageView+WebCache.m in Sources */,
				088583DA20639D3800A7291E /* ShareSDKMethod.m in Sources */,
				08EC00982064D306003241B2 /* MASConstraintMaker.m in Sources */,
				08EC00992064D306003241B2 /* MASLayoutConstraint.m in Sources */,
				08FBC0BD200373CC003D093B /* AppDelegate.m in Sources */,
				088583E020639D7500A7291E /* UIView+LLAdd.m in Sources */,
				08EC009B2064D306003241B2 /* MASViewConstraint.m in Sources */,
				08EC009A2064D306003241B2 /* MASViewAttribute.m in Sources */,
				08EC006E2064D2FB003241B2 /* SDWebImageDownloader.m in Sources */,
				08EC00762064D2FB003241B2 /* UIImageView+HighlightedWebCache.m in Sources */,
				08EC006D2064D2FB003241B2 /* SDWebImageDecoder.m in Sources */,
				08EC00752064D2FB003241B2 /* UIImage+WebP.m in Sources */,
				08EC00702064D2FB003241B2 /* SDWebImageManager.m in Sources */,
				08EC00792064D2FB003241B2 /* UIView+WebCacheOperation.m in Sources */,
				08EC006A2064D2FB003241B2 /* SDImageCache.m in Sources */,
				088583DD20639D6000A7291E /* JYJPublishView.m in Sources */,
				08EC00682064D2FB003241B2 /* NSData+ImageContentType.m in Sources */,
			);
			runOnlyForDeploymentPostprocessing = 0;
		};
/* End PBXSourcesBuildPhase section */

/* Begin PBXVariantGroup section */
		08FBC0C1200373CC003D093B /* Main.storyboard */ = {
			isa = PBXVariantGroup;
			children = (
				08FBC0C2200373CC003D093B /* Base */,
			);
			name = Main.storyboard;
			sourceTree = "<group>";
		};
		08FBC0C6200373CC003D093B /* LaunchScreen.storyboard */ = {
			isa = PBXVariantGroup;
			children = (
				08FBC0C7200373CC003D093B /* Base */,
			);
			name = LaunchScreen.storyboard;
			sourceTree = "<group>";
		};
/* End PBXVariantGroup section */

/* Begin XCBuildConfiguration section */
		08FBC0CC200373CC003D093B /* Debug */ = {
			isa = XCBuildConfiguration;
			buildSettings = {
				ALWAYS_SEARCH_USER_PATHS = NO;
				CLANG_ANALYZER_NONNULL = YES;
				CLANG_ANALYZER_NUMBER_OBJECT_CONVERSION = YES_AGGRESSIVE;
				CLANG_CXX_LANGUAGE_STANDARD = "gnu++14";
				CLANG_CXX_LIBRARY = "libc++";
				CLANG_ENABLE_MODULES = YES;
				CLANG_ENABLE_OBJC_ARC = YES;
				CLANG_WARN_BLOCK_CAPTURE_AUTORELEASING = YES;
				CLANG_WARN_BOOL_CONVERSION = YES;
				CLANG_WARN_COMMA = YES;
				CLANG_WARN_CONSTANT_CONVERSION = YES;
				CLANG_WARN_DIRECT_OBJC_ISA_USAGE = YES_ERROR;
				CLANG_WARN_DOCUMENTATION_COMMENTS = YES;
				CLANG_WARN_EMPTY_BODY = YES;
				CLANG_WARN_ENUM_CONVERSION = YES;
				CLANG_WARN_INFINITE_RECURSION = YES;
				CLANG_WARN_INT_CONVERSION = YES;
				CLANG_WARN_NON_LITERAL_NULL_CONVERSION = YES;
				CLANG_WARN_OBJC_LITERAL_CONVERSION = YES;
				CLANG_WARN_OBJC_ROOT_CLASS = YES_ERROR;
				CLANG_WARN_RANGE_LOOP_ANALYSIS = YES;
				CLANG_WARN_STRICT_PROTOTYPES = YES;
				CLANG_WARN_SUSPICIOUS_MOVE = YES;
				CLANG_WARN_UNGUARDED_AVAILABILITY = YES_AGGRESSIVE;
				CLANG_WARN_UNREACHABLE_CODE = YES;
				CLANG_WARN__DUPLICATE_METHOD_MATCH = YES;
				CODE_SIGN_IDENTITY = "iPhone Developer";
				COPY_PHASE_STRIP = NO;
				DEBUG_INFORMATION_FORMAT = dwarf;
				ENABLE_STRICT_OBJC_MSGSEND = YES;
				ENABLE_TESTABILITY = YES;
				GCC_C_LANGUAGE_STANDARD = gnu11;
				GCC_DYNAMIC_NO_PIC = NO;
				GCC_NO_COMMON_BLOCKS = YES;
				GCC_OPTIMIZATION_LEVEL = 0;
				GCC_PREPROCESSOR_DEFINITIONS = (
					"DEBUG=1",
					"$(inherited)",
				);
				GCC_WARN_64_TO_32_BIT_CONVERSION = YES;
				GCC_WARN_ABOUT_RETURN_TYPE = YES_ERROR;
				GCC_WARN_UNDECLARED_SELECTOR = YES;
				GCC_WARN_UNINITIALIZED_AUTOS = YES_AGGRESSIVE;
				GCC_WARN_UNUSED_FUNCTION = YES;
				GCC_WARN_UNUSED_VARIABLE = YES;
				IPHONEOS_DEPLOYMENT_TARGET = 11.2;
				MTL_ENABLE_DEBUG_INFO = YES;
				ONLY_ACTIVE_ARCH = YES;
				SDKROOT = iphoneos;
			};
			name = Debug;
		};
		08FBC0CD200373CC003D093B /* Release */ = {
			isa = XCBuildConfiguration;
			buildSettings = {
				ALWAYS_SEARCH_USER_PATHS = NO;
				CLANG_ANALYZER_NONNULL = YES;
				CLANG_ANALYZER_NUMBER_OBJECT_CONVERSION = YES_AGGRESSIVE;
				CLANG_CXX_LANGUAGE_STANDARD = "gnu++14";
				CLANG_CXX_LIBRARY = "libc++";
				CLANG_ENABLE_MODULES = YES;
				CLANG_ENABLE_OBJC_ARC = YES;
				CLANG_WARN_BLOCK_CAPTURE_AUTORELEASING = YES;
				CLANG_WARN_BOOL_CONVERSION = YES;
				CLANG_WARN_COMMA = YES;
				CLANG_WARN_CONSTANT_CONVERSION = YES;
				CLANG_WARN_DIRECT_OBJC_ISA_USAGE = YES_ERROR;
				CLANG_WARN_DOCUMENTATION_COMMENTS = YES;
				CLANG_WARN_EMPTY_BODY = YES;
				CLANG_WARN_ENUM_CONVERSION = YES;
				CLANG_WARN_INFINITE_RECURSION = YES;
				CLANG_WARN_INT_CONVERSION = YES;
				CLANG_WARN_NON_LITERAL_NULL_CONVERSION = YES;
				CLANG_WARN_OBJC_LITERAL_CONVERSION = YES;
				CLANG_WARN_OBJC_ROOT_CLASS = YES_ERROR;
				CLANG_WARN_RANGE_LOOP_ANALYSIS = YES;
				CLANG_WARN_STRICT_PROTOTYPES = YES;
				CLANG_WARN_SUSPICIOUS_MOVE = YES;
				CLANG_WARN_UNGUARDED_AVAILABILITY = YES_AGGRESSIVE;
				CLANG_WARN_UNREACHABLE_CODE = YES;
				CLANG_WARN__DUPLICATE_METHOD_MATCH = YES;
				CODE_SIGN_IDENTITY = "iPhone Developer";
				COPY_PHASE_STRIP = NO;
				DEBUG_INFORMATION_FORMAT = "dwarf-with-dsym";
				ENABLE_NS_ASSERTIONS = NO;
				ENABLE_STRICT_OBJC_MSGSEND = YES;
				GCC_C_LANGUAGE_STANDARD = gnu11;
				GCC_NO_COMMON_BLOCKS = YES;
				GCC_WARN_64_TO_32_BIT_CONVERSION = YES;
				GCC_WARN_ABOUT_RETURN_TYPE = YES_ERROR;
				GCC_WARN_UNDECLARED_SELECTOR = YES;
				GCC_WARN_UNINITIALIZED_AUTOS = YES_AGGRESSIVE;
				GCC_WARN_UNUSED_FUNCTION = YES;
				GCC_WARN_UNUSED_VARIABLE = YES;
				IPHONEOS_DEPLOYMENT_TARGET = 11.2;
				MTL_ENABLE_DEBUG_INFO = NO;
				SDKROOT = iphoneos;
				VALIDATE_PRODUCT = YES;
			};
			name = Release;
		};
		08FBC0CF200373CC003D093B /* Debug */ = {
			isa = XCBuildConfiguration;
			buildSettings = {
				ASSETCATALOG_COMPILER_APPICON_NAME = AppIcon;
				CODE_SIGN_STYLE = Automatic;
				DEVELOPMENT_TEAM = GMXVAYY95W;
				FRAMEWORK_SEARCH_PATHS = (
					"$(inherited)",
					"$(PROJECT_DIR)/朋友圈分享的动画/ThridPart/TencentOpenAPI",
				);
				INFOPLIST_FILE = "朋友圈分享的动画/Info.plist";
				IPHONEOS_DEPLOYMENT_TARGET = 10.1;
				LD_RUNPATH_SEARCH_PATHS = "$(inherited) @executable_path/Frameworks";
				LIBRARY_SEARCH_PATHS = (
					"$(inherited)",
					"$(PROJECT_DIR)/朋友圈分享的动画/ThridPart/OpenSDK1.8.1",
					"$(PROJECT_DIR)/朋友圈分享的动画/ThridPart/libWeiboSDK",
				);
				PRODUCT_BUNDLE_IDENTIFIER = cn.3dov.3DVideo;
				PRODUCT_NAME = "$(TARGET_NAME)";
				TARGETED_DEVICE_FAMILY = "1,2";
			};
			name = Debug;
		};
		08FBC0D0200373CC003D093B /* Release */ = {
			isa = XCBuildConfiguration;
			buildSettings = {
				ASSETCATALOG_COMPILER_APPICON_NAME = AppIcon;
				CODE_SIGN_STYLE = Automatic;
				DEVELOPMENT_TEAM = GMXVAYY95W;
				FRAMEWORK_SEARCH_PATHS = (
					"$(inherited)",
					"$(PROJECT_DIR)/朋友圈分享的动画/ThridPart/TencentOpenAPI",
				);
				INFOPLIST_FILE = "朋友圈分享的动画/Info.plist";
				IPHONEOS_DEPLOYMENT_TARGET = 10.1;
				LD_RUNPATH_SEARCH_PATHS = "$(inherited) @executable_path/Frameworks";
				LIBRARY_SEARCH_PATHS = (
					"$(inherited)",
					"$(PROJECT_DIR)/朋友圈分享的动画/ThridPart/OpenSDK1.8.1",
					"$(PROJECT_DIR)/朋友圈分享的动画/ThridPart/libWeiboSDK",
				);
				PRODUCT_BUNDLE_IDENTIFIER = cn.3dov.3DVideo;
				PRODUCT_NAME = "$(TARGET_NAME)";
				TARGETED_DEVICE_FAMILY = "1,2";
			};
			name = Release;
		};
/* End XCBuildConfiguration section */

/* Begin XCConfigurationList section */
		08FBC0B3200373CC003D093B /* Build configuration list for PBXProject "朋友圈分享的动画" */ = {
			isa = XCConfigurationList;
			buildConfigurations = (
				08FBC0CC200373CC003D093B /* Debug */,
				08FBC0CD200373CC003D093B /* Release */,
			);
			defaultConfigurationIsVisible = 0;
			defaultConfigurationName = Release;
		};
		08FBC0CE200373CC003D093B /* Build configuration list for PBXNativeTarget "朋友圈分享的动画" */ = {
			isa = XCConfigurationList;
			buildConfigurations = (
				08FBC0CF200373CC003D093B /* Debug */,
				08FBC0D0200373CC003D093B /* Release */,
			);
			defaultConfigurationIsVisible = 0;
			defaultConfigurationName = Release;
		};
/* End XCConfigurationList section */
	};
	rootObject = 08FBC0B0200373CC003D093B /* Project object */;
}
